// !$*UTF8*$!
{
	archiveVersion = 1;
	classes = {
	};
	objectVersion = 50;
	objects = {

/* Begin PBXBuildFile section */
		57A3770222405D76005F840A /* PizzasPedido.swift in Sources */ = {isa = PBXBuildFile; fileRef = 57A3770122405D76005F840A /* PizzasPedido.swift */; };
		57A3770622406D68005F840A /* PopulaBase.swift in Sources */ = {isa = PBXBuildFile; fileRef = 57A3770522406D68005F840A /* PopulaBase.swift */; };
		57A42048223C735B00488B78 /* AppDelegate.swift in Sources */ = {isa = PBXBuildFile; fileRef = 57A42047223C735B00488B78 /* AppDelegate.swift */; };
		57A4204A223C735B00488B78 /* ViewController.swift in Sources */ = {isa = PBXBuildFile; fileRef = 57A42049223C735B00488B78 /* ViewController.swift */; };
		57A4204D223C735B00488B78 /* Main.storyboard in Resources */ = {isa = PBXBuildFile; fileRef = 57A4204B223C735B00488B78 /* Main.storyboard */; };
		57A42050223C735B00488B78 /* Pizzaria.xcdatamodeld in Sources */ = {isa = PBXBuildFile; fileRef = 57A4204E223C735B00488B78 /* Pizzaria.xcdatamodeld */; };
		57A42052223C735D00488B78 /* Assets.xcassets in Resources */ = {isa = PBXBuildFile; fileRef = 57A42051223C735D00488B78 /* Assets.xcassets */; };
		57A42055223C735D00488B78 /* LaunchScreen.storyboard in Resources */ = {isa = PBXBuildFile; fileRef = 57A42053223C735D00488B78 /* LaunchScreen.storyboard */; };
		57B164D52242FD0400752EE8 /* SaboresTableViewController.swift in Sources */ = {isa = PBXBuildFile; fileRef = 57B164D42242FD0400752EE8 /* SaboresTableViewController.swift */; };
		57B164D922430CB300752EE8 /* PizzasTableViewController.swift in Sources */ = {isa = PBXBuildFile; fileRef = 57B164D822430CB300752EE8 /* PizzasTableViewController.swift */; };
		57F14A902245B1910037D679 /* SiteViewController.swift in Sources */ = {isa = PBXBuildFile; fileRef = 57F14A8F2245B1910037D679 /* SiteViewController.swift */; };
		960A6D3E22443B66005FC644 /* EditarPizzaViewController.swift in Sources */ = {isa = PBXBuildFile; fileRef = 960A6D3D22443B66005FC644 /* EditarPizzaViewController.swift */; };
		960A6D4022445776005FC644 /* PizzaViewlModel.swift in Sources */ = {isa = PBXBuildFile; fileRef = 960A6D3F22445776005FC644 /* PizzaViewlModel.swift */; };
		960A6D42224462CB005FC644 /* ClienteViewModel.swift in Sources */ = {isa = PBXBuildFile; fileRef = 960A6D41224462CB005FC644 /* ClienteViewModel.swift */; };
		960A6D4422446339005FC644 /* EnderecoViewModel.swift in Sources */ = {isa = PBXBuildFile; fileRef = 960A6D4322446339005FC644 /* EnderecoViewModel.swift */; };
		960A6D4622446395005FC644 /* TelefoneViewModel.swift in Sources */ = {isa = PBXBuildFile; fileRef = 960A6D4522446395005FC644 /* TelefoneViewModel.swift */; };
		960A6D48224463EF005FC644 /* PizzasPedidoViewModel.swift in Sources */ = {isa = PBXBuildFile; fileRef = 960A6D47224463EF005FC644 /* PizzasPedidoViewModel.swift */; };
		963AF7B22241D4A2008A6D29 /* 1024.png in Resources */ = {isa = PBXBuildFile; fileRef = 963AF7B12241D4A2008A6D29 /* 1024.png */; };
		966930D5223ECE2800B72EFD /* PedidosTableViewController.swift in Sources */ = {isa = PBXBuildFile; fileRef = 966930D4223ECE2800B72EFD /* PedidosTableViewController.swift */; };
		966930E5223EF4E400B72EFD /* PedidoViewModel.swift in Sources */ = {isa = PBXBuildFile; fileRef = 966930E4223EF4E400B72EFD /* PedidoViewModel.swift */; };
		966930F5223F29BB00B72EFD /* Pedido.swift in Sources */ = {isa = PBXBuildFile; fileRef = 966930F0223F29BA00B72EFD /* Pedido.swift */; };
		966930F6223F29BB00B72EFD /* Pizza.swift in Sources */ = {isa = PBXBuildFile; fileRef = 966930F1223F29BA00B72EFD /* Pizza.swift */; };
		966930F7223F29BB00B72EFD /* Telefone.swift in Sources */ = {isa = PBXBuildFile; fileRef = 966930F2223F29BA00B72EFD /* Telefone.swift */; };
		966930F8223F29BB00B72EFD /* Cliente.swift in Sources */ = {isa = PBXBuildFile; fileRef = 966930F3223F29BB00B72EFD /* Cliente.swift */; };
		966930F9223F29BB00B72EFD /* Endereco.swift in Sources */ = {isa = PBXBuildFile; fileRef = 966930F4223F29BB00B72EFD /* Endereco.swift */; };
		96F5D0F72245D48100B7E6F8 /* ClientesTableViewController.swift in Sources */ = {isa = PBXBuildFile; fileRef = 96F5D0F62245D48100B7E6F8 /* ClientesTableViewController.swift */; };
		96F5D0F92245DC5100B7E6F8 /* EditarClienteViewController.swift in Sources */ = {isa = PBXBuildFile; fileRef = 96F5D0F82245DC5100B7E6F8 /* EditarClienteViewController.swift */; };
/* End PBXBuildFile section */

/* Begin PBXFileReference section */
		57A3770122405D76005F840A /* PizzasPedido.swift */ = {isa = PBXFileReference; lastKnownFileType = sourcecode.swift; path = PizzasPedido.swift; sourceTree = "<group>"; };
		57A3770522406D68005F840A /* PopulaBase.swift */ = {isa = PBXFileReference; lastKnownFileType = sourcecode.swift; path = PopulaBase.swift; sourceTree = "<group>"; };
		57A42044223C735B00488B78 /* Pizzaria.app */ = {isa = PBXFileReference; explicitFileType = wrapper.application; includeInIndex = 0; path = Pizzaria.app; sourceTree = BUILT_PRODUCTS_DIR; };
		57A42047223C735B00488B78 /* AppDelegate.swift */ = {isa = PBXFileReference; lastKnownFileType = sourcecode.swift; path = AppDelegate.swift; sourceTree = "<group>"; };
		57A42049223C735B00488B78 /* ViewController.swift */ = {isa = PBXFileReference; lastKnownFileType = sourcecode.swift; path = ViewController.swift; sourceTree = "<group>"; };
		57A4204C223C735B00488B78 /* Base */ = {isa = PBXFileReference; lastKnownFileType = file.storyboard; name = Base; path = Base.lproj/Main.storyboard; sourceTree = "<group>"; };
		57A4204F223C735B00488B78 /* Pizzaria.xcdatamodel */ = {isa = PBXFileReference; lastKnownFileType = wrapper.xcdatamodel; path = Pizzaria.xcdatamodel; sourceTree = "<group>"; };
		57A42051223C735D00488B78 /* Assets.xcassets */ = {isa = PBXFileReference; lastKnownFileType = folder.assetcatalog; path = Assets.xcassets; sourceTree = "<group>"; };
		57A42054223C735D00488B78 /* Base */ = {isa = PBXFileReference; lastKnownFileType = file.storyboard; name = Base; path = Base.lproj/LaunchScreen.storyboard; sourceTree = "<group>"; };
		57A42056223C735D00488B78 /* Info.plist */ = {isa = PBXFileReference; lastKnownFileType = text.plist.xml; path = Info.plist; sourceTree = "<group>"; };
		57B164D42242FD0400752EE8 /* SaboresTableViewController.swift */ = {isa = PBXFileReference; lastKnownFileType = sourcecode.swift; path = SaboresTableViewController.swift; sourceTree = "<group>"; };
		57B164D822430CB300752EE8 /* PizzasTableViewController.swift */ = {isa = PBXFileReference; lastKnownFileType = sourcecode.swift; path = PizzasTableViewController.swift; sourceTree = "<group>"; };
		57F14A8F2245B1910037D679 /* SiteViewController.swift */ = {isa = PBXFileReference; lastKnownFileType = sourcecode.swift; path = SiteViewController.swift; sourceTree = "<group>"; };
		960A6D3D22443B66005FC644 /* EditarPizzaViewController.swift */ = {isa = PBXFileReference; lastKnownFileType = sourcecode.swift; path = EditarPizzaViewController.swift; sourceTree = "<group>"; };
		960A6D3F22445776005FC644 /* PizzaViewlModel.swift */ = {isa = PBXFileReference; lastKnownFileType = sourcecode.swift; path = PizzaViewlModel.swift; sourceTree = "<group>"; };
		960A6D41224462CB005FC644 /* ClienteViewModel.swift */ = {isa = PBXFileReference; lastKnownFileType = sourcecode.swift; path = ClienteViewModel.swift; sourceTree = "<group>"; };
		960A6D4322446339005FC644 /* EnderecoViewModel.swift */ = {isa = PBXFileReference; lastKnownFileType = sourcecode.swift; path = EnderecoViewModel.swift; sourceTree = "<group>"; };
		960A6D4522446395005FC644 /* TelefoneViewModel.swift */ = {isa = PBXFileReference; lastKnownFileType = sourcecode.swift; path = TelefoneViewModel.swift; sourceTree = "<group>"; };
		960A6D47224463EF005FC644 /* PizzasPedidoViewModel.swift */ = {isa = PBXFileReference; lastKnownFileType = sourcecode.swift; path = PizzasPedidoViewModel.swift; sourceTree = "<group>"; };
		963AF7B12241D4A2008A6D29 /* 1024.png */ = {isa = PBXFileReference; lastKnownFileType = image.png; path = 1024.png; sourceTree = "<group>"; };
		966930D4223ECE2800B72EFD /* PedidosTableViewController.swift */ = {isa = PBXFileReference; lastKnownFileType = sourcecode.swift; path = PedidosTableViewController.swift; sourceTree = "<group>"; };
		966930E4223EF4E400B72EFD /* PedidoViewModel.swift */ = {isa = PBXFileReference; lastKnownFileType = sourcecode.swift; path = PedidoViewModel.swift; sourceTree = "<group>"; };
		966930F0223F29BA00B72EFD /* Pedido.swift */ = {isa = PBXFileReference; fileEncoding = 4; lastKnownFileType = sourcecode.swift; path = Pedido.swift; sourceTree = "<group>"; };
		966930F1223F29BA00B72EFD /* Pizza.swift */ = {isa = PBXFileReference; fileEncoding = 4; lastKnownFileType = sourcecode.swift; path = Pizza.swift; sourceTree = "<group>"; };
		966930F2223F29BA00B72EFD /* Telefone.swift */ = {isa = PBXFileReference; fileEncoding = 4; lastKnownFileType = sourcecode.swift; path = Telefone.swift; sourceTree = "<group>"; };
		966930F3223F29BB00B72EFD /* Cliente.swift */ = {isa = PBXFileReference; fileEncoding = 4; lastKnownFileType = sourcecode.swift; path = Cliente.swift; sourceTree = "<group>"; };
		966930F4223F29BB00B72EFD /* Endereco.swift */ = {isa = PBXFileReference; fileEncoding = 4; lastKnownFileType = sourcecode.swift; path = Endereco.swift; sourceTree = "<group>"; };
		96F5D0F62245D48100B7E6F8 /* ClientesTableViewController.swift */ = {isa = PBXFileReference; lastKnownFileType = sourcecode.swift; path = ClientesTableViewController.swift; sourceTree = "<group>"; };
		96F5D0F82245DC5100B7E6F8 /* EditarClienteViewController.swift */ = {isa = PBXFileReference; lastKnownFileType = sourcecode.swift; path = EditarClienteViewController.swift; sourceTree = "<group>"; };
/* End PBXFileReference section */

/* Begin PBXFrameworksBuildPhase section */
		57A42041223C735B00488B78 /* Frameworks */ = {
			isa = PBXFrameworksBuildPhase;
			buildActionMask = 2147483647;
			files = (
			);
			runOnlyForDeploymentPostprocessing = 0;
		};
/* End PBXFrameworksBuildPhase section */

/* Begin PBXGroup section */
		57A4203B223C735B00488B78 = {
			isa = PBXGroup;
			children = (
				57A42046223C735B00488B78 /* Pizzaria */,
				57A42045223C735B00488B78 /* Products */,
			);
			sourceTree = "<group>";
		};
		57A42045223C735B00488B78 /* Products */ = {
			isa = PBXGroup;
			children = (
				57A42044223C735B00488B78 /* Pizzaria.app */,
			);
			name = Products;
			sourceTree = "<group>";
		};
		57A42046223C735B00488B78 /* Pizzaria */ = {
			isa = PBXGroup;
			children = (
				963AF7AE2241D1A7008A6D29 /* Images */,
				966930D3223ECCC700B72EFD /* ViewModel */,
				966930D1223ECCAB00B72EFD /* Controller */,
				966930D2223ECCB800B72EFD /* View */,
				966930D0223ECC9F00B72EFD /* Model */,
				57A42056223C735D00488B78 /* Info.plist */,
				57A4204E223C735B00488B78 /* Pizzaria.xcdatamodeld */,
			);
			path = Pizzaria;
			sourceTree = "<group>";
		};
		963AF7AE2241D1A7008A6D29 /* Images */ = {
			isa = PBXGroup;
			children = (
				963AF7B12241D4A2008A6D29 /* 1024.png */,
			);
			path = Images;
			sourceTree = "<group>";
		};
		966930D0223ECC9F00B72EFD /* Model */ = {
			isa = PBXGroup;
			children = (
				966930F3223F29BB00B72EFD /* Cliente.swift */,
				966930F4223F29BB00B72EFD /* Endereco.swift */,
				966930F0223F29BA00B72EFD /* Pedido.swift */,
				966930F1223F29BA00B72EFD /* Pizza.swift */,
				966930F2223F29BA00B72EFD /* Telefone.swift */,
				57A3770122405D76005F840A /* PizzasPedido.swift */,
			);
			path = Model;
			sourceTree = "<group>";
		};
		966930D1223ECCAB00B72EFD /* Controller */ = {
			isa = PBXGroup;
			children = (
				57A42047223C735B00488B78 /* AppDelegate.swift */,
				57A42049223C735B00488B78 /* ViewController.swift */,
				966930D4223ECE2800B72EFD /* PedidosTableViewController.swift */,
				57B164D42242FD0400752EE8 /* SaboresTableViewController.swift */,
				57B164D822430CB300752EE8 /* PizzasTableViewController.swift */,
				960A6D3D22443B66005FC644 /* EditarPizzaViewController.swift */,
				57F14A8F2245B1910037D679 /* SiteViewController.swift */,
				96F5D0F62245D48100B7E6F8 /* ClientesTableViewController.swift */,
				96F5D0F82245DC5100B7E6F8 /* EditarClienteViewController.swift */,
			);
			path = Controller;
			sourceTree = "<group>";
		};
		966930D2223ECCB800B72EFD /* View */ = {
			isa = PBXGroup;
			children = (
				57A42051223C735D00488B78 /* Assets.xcassets */,
				57A4204B223C735B00488B78 /* Main.storyboard */,
				57A42053223C735D00488B78 /* LaunchScreen.storyboard */,
			);
			path = View;
			sourceTree = "<group>";
		};
		966930D3223ECCC700B72EFD /* ViewModel */ = {
			isa = PBXGroup;
			children = (
				966930E4223EF4E400B72EFD /* PedidoViewModel.swift */,
				57A3770522406D68005F840A /* PopulaBase.swift */,
				960A6D3F22445776005FC644 /* PizzaViewlModel.swift */,
				960A6D41224462CB005FC644 /* ClienteViewModel.swift */,
				960A6D4322446339005FC644 /* EnderecoViewModel.swift */,
				960A6D4522446395005FC644 /* TelefoneViewModel.swift */,
				960A6D47224463EF005FC644 /* PizzasPedidoViewModel.swift */,
			);
			path = ViewModel;
			sourceTree = "<group>";
		};
/* End PBXGroup section */

/* Begin PBXNativeTarget section */
		57A42043223C735B00488B78 /* Pizzaria */ = {
			isa = PBXNativeTarget;
			buildConfigurationList = 57A42059223C735D00488B78 /* Build configuration list for PBXNativeTarget "Pizzaria" */;
			buildPhases = (
				57A42040223C735B00488B78 /* Sources */,
				57A42041223C735B00488B78 /* Frameworks */,
				57A42042223C735B00488B78 /* Resources */,
			);
			buildRules = (
			);
			dependencies = (
			);
			name = Pizzaria;
			productName = Pizzaria;
			productReference = 57A42044223C735B00488B78 /* Pizzaria.app */;
			productType = "com.apple.product-type.application";
		};
/* End PBXNativeTarget section */

/* Begin PBXProject section */
		57A4203C223C735B00488B78 /* Project object */ = {
			isa = PBXProject;
			attributes = {
				LastSwiftUpdateCheck = 1010;
				LastUpgradeCheck = 1010;
				ORGANIZATIONNAME = ALUNO;
				TargetAttributes = {
					57A42043223C735B00488B78 = {
						CreatedOnToolsVersion = 10.1;
					};
				};
			};
			buildConfigurationList = 57A4203F223C735B00488B78 /* Build configuration list for PBXProject "Pizzaria" */;
			compatibilityVersion = "Xcode 9.3";
			developmentRegion = en;
			hasScannedForEncodings = 0;
			knownRegions = (
				en,
				Base,
			);
			mainGroup = 57A4203B223C735B00488B78;
			productRefGroup = 57A42045223C735B00488B78 /* Products */;
			projectDirPath = "";
			projectRoot = "";
			targets = (
				57A42043223C735B00488B78 /* Pizzaria */,
			);
		};
/* End PBXProject section */

/* Begin PBXResourcesBuildPhase section */
		57A42042223C735B00488B78 /* Resources */ = {
			isa = PBXResourcesBuildPhase;
			buildActionMask = 2147483647;
			files = (
				57A42055223C735D00488B78 /* LaunchScreen.storyboard in Resources */,
				57A42052223C735D00488B78 /* Assets.xcassets in Resources */,
				963AF7B22241D4A2008A6D29 /* 1024.png in Resources */,
				57A4204D223C735B00488B78 /* Main.storyboard in Resources */,
			);
			runOnlyForDeploymentPostprocessing = 0;
		};
/* End PBXResourcesBuildPhase section */

/* Begin PBXSourcesBuildPhase section */
		57A42040223C735B00488B78 /* Sources */ = {
			isa = PBXSourcesBuildPhase;
			buildActionMask = 2147483647;
			files = (
				966930F7223F29BB00B72EFD /* Telefone.swift in Sources */,
				960A6D4422446339005FC644 /* EnderecoViewModel.swift in Sources */,
				96F5D0F92245DC5100B7E6F8 /* EditarClienteViewController.swift in Sources */,
				966930D5223ECE2800B72EFD /* PedidosTableViewController.swift in Sources */,
				57B164D922430CB300752EE8 /* PizzasTableViewController.swift in Sources */,
				960A6D48224463EF005FC644 /* PizzasPedidoViewModel.swift in Sources */,
				57A42050223C735B00488B78 /* Pizzaria.xcdatamodeld in Sources */,
				960A6D4622446395005FC644 /* TelefoneViewModel.swift in Sources */,
				57A4204A223C735B00488B78 /* ViewController.swift in Sources */,
				960A6D4022445776005FC644 /* PizzaViewlModel.swift in Sources */,
				57A3770222405D76005F840A /* PizzasPedido.swift in Sources */,
				960A6D42224462CB005FC644 /* ClienteViewModel.swift in Sources */,
				57F14A902245B1910037D679 /* SiteViewController.swift in Sources */,
				966930F5223F29BB00B72EFD /* Pedido.swift in Sources */,
				966930F8223F29BB00B72EFD /* Cliente.swift in Sources */,
				960A6D3E22443B66005FC644 /* EditarPizzaViewController.swift in Sources */,
				57B164D52242FD0400752EE8 /* SaboresTableViewController.swift in Sources */,
				96F5D0F72245D48100B7E6F8 /* ClientesTableViewController.swift in Sources */,
				57A42048223C735B00488B78 /* AppDelegate.swift in Sources */,
				966930F6223F29BB00B72EFD /* Pizza.swift in Sources */,
				966930E5223EF4E400B72EFD /* PedidoViewModel.swift in Sources */,
				966930F9223F29BB00B72EFD /* Endereco.swift in Sources */,
				57A3770622406D68005F840A /* PopulaBase.swift in Sources */,
			);
			runOnlyForDeploymentPostprocessing = 0;
		};
/* End PBXSourcesBuildPhase section */

/* Begin PBXVariantGroup section */
		57A4204B223C735B00488B78 /* Main.storyboard */ = {
			isa = PBXVariantGroup;
			children = (
				57A4204C223C735B00488B78 /* Base */,
			);
			name = Main.storyboard;
			sourceTree = "<group>";
		};
		57A42053223C735D00488B78 /* LaunchScreen.storyboard */ = {
			isa = PBXVariantGroup;
			children = (
				57A42054223C735D00488B78 /* Base */,
			);
			name = LaunchScreen.storyboard;
			sourceTree = "<group>";
		};
/* End PBXVariantGroup section */

/* Begin XCBuildConfiguration section */
		57A42057223C735D00488B78 /* Debug */ = {
			isa = XCBuildConfiguration;
			buildSettings = {
				ALWAYS_SEARCH_USER_PATHS = NO;
				CLANG_ANALYZER_NONNULL = YES;
				CLANG_ANALYZER_NUMBER_OBJECT_CONVERSION = YES_AGGRESSIVE;
				CLANG_CXX_LANGUAGE_STANDARD = "gnu++14";
				CLANG_CXX_LIBRARY = "libc++";
				CLANG_ENABLE_MODULES = YES;
				CLANG_ENABLE_OBJC_ARC = YES;
				CLANG_ENABLE_OBJC_WEAK = YES;
				CLANG_WARN_BLOCK_CAPTURE_AUTORELEASING = YES;
				CLANG_WARN_BOOL_CONVERSION = YES;
				CLANG_WARN_COMMA = YES;
				CLANG_WARN_CONSTANT_CONVERSION = YES;
				CLANG_WARN_DEPRECATED_OBJC_IMPLEMENTATIONS = YES;
				CLANG_WARN_DIRECT_OBJC_ISA_USAGE = YES_ERROR;
				CLANG_WARN_DOCUMENTATION_COMMENTS = YES;
				CLANG_WARN_EMPTY_BODY = YES;
				CLANG_WARN_ENUM_CONVERSION = YES;
				CLANG_WARN_INFINITE_RECURSION = YES;
				CLANG_WARN_INT_CONVERSION = YES;
				CLANG_WARN_NON_LITERAL_NULL_CONVERSION = YES;
				CLANG_WARN_OBJC_IMPLICIT_RETAIN_SELF = YES;
				CLANG_WARN_OBJC_LITERAL_CONVERSION = YES;
				CLANG_WARN_OBJC_ROOT_CLASS = YES_ERROR;
				CLANG_WARN_RANGE_LOOP_ANALYSIS = YES;
				CLANG_WARN_STRICT_PROTOTYPES = YES;
				CLANG_WARN_SUSPICIOUS_MOVE = YES;
				CLANG_WARN_UNGUARDED_AVAILABILITY = YES_AGGRESSIVE;
				CLANG_WARN_UNREACHABLE_CODE = YES;
				CLANG_WARN__DUPLICATE_METHOD_MATCH = YES;
				CODE_SIGN_IDENTITY = "iPhone Developer";
				COPY_PHASE_STRIP = NO;
				DEBUG_INFORMATION_FORMAT = dwarf;
				ENABLE_STRICT_OBJC_MSGSEND = YES;
				ENABLE_TESTABILITY = YES;
				GCC_C_LANGUAGE_STANDARD = gnu11;
				GCC_DYNAMIC_NO_PIC = NO;
				GCC_NO_COMMON_BLOCKS = YES;
				GCC_OPTIMIZATION_LEVEL = 0;
				GCC_PREPROCESSOR_DEFINITIONS = (
					"DEBUG=1",
					"$(inherited)",
				);
				GCC_WARN_64_TO_32_BIT_CONVERSION = YES;
				GCC_WARN_ABOUT_RETURN_TYPE = YES_ERROR;
				GCC_WARN_UNDECLARED_SELECTOR = YES;
				GCC_WARN_UNINITIALIZED_AUTOS = YES_AGGRESSIVE;
				GCC_WARN_UNUSED_FUNCTION = YES;
				GCC_WARN_UNUSED_VARIABLE = YES;
				IPHONEOS_DEPLOYMENT_TARGET = 12.1;
				MTL_ENABLE_DEBUG_INFO = INCLUDE_SOURCE;
				MTL_FAST_MATH = YES;
				ONLY_ACTIVE_ARCH = YES;
				SDKROOT = iphoneos;
				SWIFT_ACTIVE_COMPILATION_CONDITIONS = DEBUG;
				SWIFT_OPTIMIZATION_LEVEL = "-Onone";
			};
			name = Debug;
		};
		57A42058223C735D00488B78 /* Release */ = {
			isa = XCBuildConfiguration;
			buildSettings = {
				ALWAYS_SEARCH_USER_PATHS = NO;
				CLANG_ANALYZER_NONNULL = YES;
				CLANG_ANALYZER_NUMBER_OBJECT_CONVERSION = YES_AGGRESSIVE;
				CLANG_CXX_LANGUAGE_STANDARD = "gnu++14";
				CLANG_CXX_LIBRARY = "libc++";
				CLANG_ENABLE_MODULES = YES;
				CLANG_ENABLE_OBJC_ARC = YES;
				CLANG_ENABLE_OBJC_WEAK = YES;
				CLANG_WARN_BLOCK_CAPTURE_AUTORELEASING = YES;
				CLANG_WARN_BOOL_CONVERSION = YES;
				CLANG_WARN_COMMA = YES;
				CLANG_WARN_CONSTANT_CONVERSION = YES;
				CLANG_WARN_DEPRECATED_OBJC_IMPLEMENTATIONS = YES;
				CLANG_WARN_DIRECT_OBJC_ISA_USAGE = YES_ERROR;
				CLANG_WARN_DOCUMENTATION_COMMENTS = YES;
				CLANG_WARN_EMPTY_BODY = YES;
				CLANG_WARN_ENUM_CONVERSION = YES;
				CLANG_WARN_INFINITE_RECURSION = YES;
				CLANG_WARN_INT_CONVERSION = YES;
				CLANG_WARN_NON_LITERAL_NULL_CONVERSION = YES;
				CLANG_WARN_OBJC_IMPLICIT_RETAIN_SELF = YES;
				CLANG_WARN_OBJC_LITERAL_CONVERSION = YES;
				CLANG_WARN_OBJC_ROOT_CLASS = YES_ERROR;
				CLANG_WARN_RANGE_LOOP_ANALYSIS = YES;
				CLANG_WARN_STRICT_PROTOTYPES = YES;
				CLANG_WARN_SUSPICIOUS_MOVE = YES;
				CLANG_WARN_UNGUARDED_AVAILABILITY = YES_AGGRESSIVE;
				CLANG_WARN_UNREACHABLE_CODE = YES;
				CLANG_WARN__DUPLICATE_METHOD_MATCH = YES;
				CODE_SIGN_IDENTITY = "iPhone Developer";
				COPY_PHASE_STRIP = NO;
				DEBUG_INFORMATION_FORMAT = "dwarf-with-dsym";
				ENABLE_NS_ASSERTIONS = NO;
				ENABLE_STRICT_OBJC_MSGSEND = YES;
				GCC_C_LANGUAGE_STANDARD = gnu11;
				GCC_NO_COMMON_BLOCKS = YES;
				GCC_WARN_64_TO_32_BIT_CONVERSION = YES;
				GCC_WARN_ABOUT_RETURN_TYPE = YES_ERROR;
				GCC_WARN_UNDECLARED_SELECTOR = YES;
				GCC_WARN_UNINITIALIZED_AUTOS = YES_AGGRESSIVE;
				GCC_WARN_UNUSED_FUNCTION = YES;
				GCC_WARN_UNUSED_VARIABLE = YES;
				IPHONEOS_DEPLOYMENT_TARGET = 12.1;
				MTL_ENABLE_DEBUG_INFO = NO;
				MTL_FAST_MATH = YES;
				SDKROOT = iphoneos;
				SWIFT_COMPILATION_MODE = wholemodule;
				SWIFT_OPTIMIZATION_LEVEL = "-O";
				VALIDATE_PRODUCT = YES;
			};
			name = Release;
		};
		57A4205A223C735D00488B78 /* Debug */ = {
			isa = XCBuildConfiguration;
			buildSettings = {
				ASSETCATALOG_COMPILER_APPICON_NAME = AppIcon;
				CODE_SIGN_STYLE = Automatic;
				INFOPLIST_FILE = Pizzaria/Info.plist;
				LD_RUNPATH_SEARCH_PATHS = (
					"$(inherited)",
					"@executable_path/Frameworks",
				);
				PRODUCT_BUNDLE_IDENTIFIER = br.pucpr.Pizzaria;
				PRODUCT_NAME = "$(TARGET_NAME)";
				SWIFT_VERSION = 4.2;
				TARGETED_DEVICE_FAMILY = "1,2";
			};
			name = Debug;
		};
		57A4205B223C735D00488B78 /* Release */ = {
			isa = XCBuildConfiguration;
			buildSettings = {
				ASSETCATALOG_COMPILER_APPICON_NAME = AppIcon;
				CODE_SIGN_STYLE = Automatic;
				INFOPLIST_FILE = Pizzaria/Info.plist;
				LD_RUNPATH_SEARCH_PATHS = (
					"$(inherited)",
					"@executable_path/Frameworks",
				);
				PRODUCT_BUNDLE_IDENTIFIER = br.pucpr.Pizzaria;
				PRODUCT_NAME = "$(TARGET_NAME)";
				SWIFT_VERSION = 4.2;
				TARGETED_DEVICE_FAMILY = "1,2";
			};
			name = Release;
		};
/* End XCBuildConfiguration section */

/* Begin XCConfigurationList section */
		57A4203F223C735B00488B78 /* Build configuration list for PBXProject "Pizzaria" */ = {
			isa = XCConfigurationList;
			buildConfigurations = (
				57A42057223C735D00488B78 /* Debug */,
				57A42058223C735D00488B78 /* Release */,
			);
			defaultConfigurationIsVisible = 0;
			defaultConfigurationName = Release;
		};
		57A42059223C735D00488B78 /* Build configuration list for PBXNativeTarget "Pizzaria" */ = {
			isa = XCConfigurationList;
			buildConfigurations = (
				57A4205A223C735D00488B78 /* Debug */,
				57A4205B223C735D00488B78 /* Release */,
			);
			defaultConfigurationIsVisible = 0;
			defaultConfigurationName = Release;
		};
/* End XCConfigurationList section */

/* Begin XCVersionGroup section */
		57A4204E223C735B00488B78 /* Pizzaria.xcdatamodeld */ = {
			isa = XCVersionGroup;
			children = (
				57A4204F223C735B00488B78 /* Pizzaria.xcdatamodel */,
			);
			currentVersion = 57A4204F223C735B00488B78 /* Pizzaria.xcdatamodel */;
			path = Pizzaria.xcdatamodeld;
			sourceTree = "<group>";
			versionGroupType = wrapper.xcdatamodel;
		};
/* End XCVersionGroup section */
	};
	rootObject = 57A4203C223C735B00488B78 /* Project object */;
}
